
Microsoft Visual Studio Solution File, Format Version 12.00
# Visual Studio 15
Project("{FAE04EC0-301F-11D3-BF4B-00C04F79EFBC}") = "Assembly-CSharp", "Assembly-CSharp.csproj", "{529C270C-8542-F0E3-A57F-6899D8DCEEB4}"
EndProject
Project("{FAE04EC0-301F-11D3-BF4B-00C04F79EFBC}") = "Assembly-CSharp-Editor", "Assembly-CSharp-Editor.csproj", "{45A682C9-DDC9-4774-F86D-6DAEB128D987}"
EndProject
Global
	GlobalSection(SolutionConfigurationPlatforms) = preSolution
		Debug|Any CPU = Debug|Any CPU
		Release|Any CPU = Release|Any CPU
	EndGlobalSection
	GlobalSection(ProjectConfigurationPlatforms) = postSolution
		{529C270C-8542-F0E3-A57F-6899D8DCEEB4}.Debug|Any CPU.ActiveCfg = Debug|Any CPU
		{529C270C-8542-F0E3-A57F-6899D8DCEEB4}.Debug|Any CPU.Build.0 = Debug|Any CPU
		{529C270C-8542-F0E3-A57F-6899D8DCEEB4}.Release|Any CPU.ActiveCfg = Release|Any CPU
		{529C270C-8542-F0E3-A57F-6899D8DCEEB4}.Release|Any CPU.Build.0 = Release|Any CPU
		{45A682C9-DDC9-4774-F86D-6DAEB128D987}.Debug|Any CPU.ActiveCfg = Debug|Any CPU
		{45A682C9-DDC9-4774-F86D-6DAEB128D987}.Debug|Any CPU.Build.0 = Debug|Any CPU
		{45A682C9-DDC9-4774-F86D-6DAEB128D987}.Release|Any CPU.ActiveCfg = Release|Any CPU
		{45A682C9-DDC9-4774-F86D-6DAEB128D987}.Release|Any CPU.Build.0 = Release|Any CPU
	EndGlobalSection
	GlobalSection(SolutionProperties) = preSolution
		HideSolutionNode = FALSE
	EndGlobalSection
EndGlobal
